// !$*UTF8*$!
{
	archiveVersion = 1;
	classes = {
	};
	objectVersion = 56;
	objects = {

/* Begin PBXBuildFile section */
		92A54D0C29359D8300D287AD /* SeSACInAppUITests.swift in Sources */ = {isa = PBXBuildFile; fileRef = 92A54D0B29359D8300D287AD /* SeSACInAppUITests.swift */; };
		92A54D0E29359D8300D287AD /* SeSACInAppUITestsLaunchTests.swift in Sources */ = {isa = PBXBuildFile; fileRef = 92A54D0D29359D8300D287AD /* SeSACInAppUITestsLaunchTests.swift */; };
		92A54D1529359E6E00D287AD /* LoginUITests.swift in Sources */ = {isa = PBXBuildFile; fileRef = 92A54D1429359E6E00D287AD /* LoginUITests.swift */; };
		92A54D1D29359F5100D287AD /* SeSACInAppTests.swift in Sources */ = {isa = PBXBuildFile; fileRef = 92A54D1C29359F5000D287AD /* SeSACInAppTests.swift */; };
		92A54D242935AB7900D287AD /* LoginViewController.swift in Sources */ = {isa = PBXBuildFile; fileRef = 92A54D232935AB7900D287AD /* LoginViewController.swift */; };
		92A54D2A2936FB0C00D287AD /* ValidatorTests.swift in Sources */ = {isa = PBXBuildFile; fileRef = 92A54D292936FB0C00D287AD /* ValidatorTests.swift */; };
		92CB4E49293454F4000518A6 /* AppDelegate.swift in Sources */ = {isa = PBXBuildFile; fileRef = 92CB4E48293454F4000518A6 /* AppDelegate.swift */; };
		92CB4E4B293454F4000518A6 /* SceneDelegate.swift in Sources */ = {isa = PBXBuildFile; fileRef = 92CB4E4A293454F4000518A6 /* SceneDelegate.swift */; };
		92CB4E4D293454F4000518A6 /* ViewController.swift in Sources */ = {isa = PBXBuildFile; fileRef = 92CB4E4C293454F4000518A6 /* ViewController.swift */; };
		92CB4E50293454F4000518A6 /* Main.storyboard in Resources */ = {isa = PBXBuildFile; fileRef = 92CB4E4E293454F4000518A6 /* Main.storyboard */; };
		92CB4E52293454F7000518A6 /* Assets.xcassets in Resources */ = {isa = PBXBuildFile; fileRef = 92CB4E51293454F7000518A6 /* Assets.xcassets */; };
		92CB4E55293454F7000518A6 /* LaunchScreen.storyboard in Resources */ = {isa = PBXBuildFile; fileRef = 92CB4E53293454F7000518A6 /* LaunchScreen.storyboard */; };
		92CB4E5E29345548000518A6 /* StoreKit.framework in Frameworks */ = {isa = PBXBuildFile; fileRef = 92CB4E5D29345548000518A6 /* StoreKit.framework */; };
/* End PBXBuildFile section */

/* Begin PBXContainerItemProxy section */
		92A54D0F29359D8300D287AD /* PBXContainerItemProxy */ = {
			isa = PBXContainerItemProxy;
			containerPortal = 92CB4E3D293454F4000518A6 /* Project object */;
			proxyType = 1;
			remoteGlobalIDString = 92CB4E44293454F4000518A6;
			remoteInfo = SeSACInApp;
		};
		92A54D1E29359F5100D287AD /* PBXContainerItemProxy */ = {
			isa = PBXContainerItemProxy;
			containerPortal = 92CB4E3D293454F4000518A6 /* Project object */;
			proxyType = 1;
			remoteGlobalIDString = 92CB4E44293454F4000518A6;
			remoteInfo = SeSACInApp;
		};
/* End PBXContainerItemProxy section */

/* Begin PBXFileReference section */
		92A54D0929359D8300D287AD /* SeSACInAppUITests.xctest */ = {isa = PBXFileReference; explicitFileType = wrapper.cfbundle; includeInIndex = 0; path = SeSACInAppUITests.xctest; sourceTree = BUILT_PRODUCTS_DIR; };
		92A54D0B29359D8300D287AD /* SeSACInAppUITests.swift */ = {isa = PBXFileReference; lastKnownFileType = sourcecode.swift; path = SeSACInAppUITests.swift; sourceTree = "<group>"; };
		92A54D0D29359D8300D287AD /* SeSACInAppUITestsLaunchTests.swift */ = {isa = PBXFileReference; lastKnownFileType = sourcecode.swift; path = SeSACInAppUITestsLaunchTests.swift; sourceTree = "<group>"; };
		92A54D1429359E6E00D287AD /* LoginUITests.swift */ = {isa = PBXFileReference; lastKnownFileType = sourcecode.swift; path = LoginUITests.swift; sourceTree = "<group>"; };
		92A54D1A29359F5000D287AD /* SeSACInAppTests.xctest */ = {isa = PBXFileReference; explicitFileType = wrapper.cfbundle; includeInIndex = 0; path = SeSACInAppTests.xctest; sourceTree = BUILT_PRODUCTS_DIR; };
		92A54D1C29359F5000D287AD /* SeSACInAppTests.swift */ = {isa = PBXFileReference; lastKnownFileType = sourcecode.swift; path = SeSACInAppTests.swift; sourceTree = "<group>"; };
		92A54D232935AB7900D287AD /* LoginViewController.swift */ = {isa = PBXFileReference; lastKnownFileType = sourcecode.swift; path = LoginViewController.swift; sourceTree = "<group>"; };
		92A54D292936FB0C00D287AD /* ValidatorTests.swift */ = {isa = PBXFileReference; lastKnownFileType = sourcecode.swift; path = ValidatorTests.swift; sourceTree = "<group>"; };
		92CB4E45293454F4000518A6 /* SeSACInApp.app */ = {isa = PBXFileReference; explicitFileType = wrapper.application; includeInIndex = 0; path = SeSACInApp.app; sourceTree = BUILT_PRODUCTS_DIR; };
		92CB4E48293454F4000518A6 /* AppDelegate.swift */ = {isa = PBXFileReference; lastKnownFileType = sourcecode.swift; path = AppDelegate.swift; sourceTree = "<group>"; };
		92CB4E4A293454F4000518A6 /* SceneDelegate.swift */ = {isa = PBXFileReference; lastKnownFileType = sourcecode.swift; path = SceneDelegate.swift; sourceTree = "<group>"; };
		92CB4E4C293454F4000518A6 /* ViewController.swift */ = {isa = PBXFileReference; lastKnownFileType = sourcecode.swift; path = ViewController.swift; sourceTree = "<group>"; };
		92CB4E4F293454F4000518A6 /* Base */ = {isa = PBXFileReference; lastKnownFileType = file.storyboard; name = Base; path = Base.lproj/Main.storyboard; sourceTree = "<group>"; };
		92CB4E51293454F7000518A6 /* Assets.xcassets */ = {isa = PBXFileReference; lastKnownFileType = folder.assetcatalog; path = Assets.xcassets; sourceTree = "<group>"; };
		92CB4E54293454F7000518A6 /* Base */ = {isa = PBXFileReference; lastKnownFileType = file.storyboard; name = Base; path = Base.lproj/LaunchScreen.storyboard; sourceTree = "<group>"; };
		92CB4E56293454F7000518A6 /* Info.plist */ = {isa = PBXFileReference; lastKnownFileType = text.plist.xml; path = Info.plist; sourceTree = "<group>"; };
		92CB4E5D29345548000518A6 /* StoreKit.framework */ = {isa = PBXFileReference; lastKnownFileType = wrapper.framework; name = StoreKit.framework; path = System/Library/Frameworks/StoreKit.framework; sourceTree = SDKROOT; };
/* End PBXFileReference section */

/* Begin PBXFrameworksBuildPhase section */
		92A54D0629359D8300D287AD /* Frameworks */ = {
			isa = PBXFrameworksBuildPhase;
			buildActionMask = 2147483647;
			files = (
			);
			runOnlyForDeploymentPostprocessing = 0;
		};
		92A54D1729359F5000D287AD /* Frameworks */ = {
			isa = PBXFrameworksBuildPhase;
			buildActionMask = 2147483647;
			files = (
			);
			runOnlyForDeploymentPostprocessing = 0;
		};
		92CB4E42293454F4000518A6 /* Frameworks */ = {
			isa = PBXFrameworksBuildPhase;
			buildActionMask = 2147483647;
			files = (
				92CB4E5E29345548000518A6 /* StoreKit.framework in Frameworks */,
			);
			runOnlyForDeploymentPostprocessing = 0;
		};
/* End PBXFrameworksBuildPhase section */

/* Begin PBXGroup section */
		92A54D0A29359D8300D287AD /* SeSACInAppUITests */ = {
			isa = PBXGroup;
			children = (
				92A54D0B29359D8300D287AD /* SeSACInAppUITests.swift */,
				92A54D0D29359D8300D287AD /* SeSACInAppUITestsLaunchTests.swift */,
				92A54D1429359E6E00D287AD /* LoginUITests.swift */,
			);
			path = SeSACInAppUITests;
			sourceTree = "<group>";
		};
		92A54D1B29359F5000D287AD /* SeSACInAppTests */ = {
			isa = PBXGroup;
			children = (
				92A54D1C29359F5000D287AD /* SeSACInAppTests.swift */,
				92A54D292936FB0C00D287AD /* ValidatorTests.swift */,
			);
			path = SeSACInAppTests;
			sourceTree = "<group>";
		};
		92CB4E3C293454F4000518A6 = {
			isa = PBXGroup;
			children = (
				92CB4E47293454F4000518A6 /* SeSACInApp */,
				92A54D0A29359D8300D287AD /* SeSACInAppUITests */,
				92A54D1B29359F5000D287AD /* SeSACInAppTests */,
				92CB4E46293454F4000518A6 /* Products */,
				92CB4E5C29345548000518A6 /* Frameworks */,
			);
			sourceTree = "<group>";
		};
		92CB4E46293454F4000518A6 /* Products */ = {
			isa = PBXGroup;
			children = (
				92CB4E45293454F4000518A6 /* SeSACInApp.app */,
				92A54D0929359D8300D287AD /* SeSACInAppUITests.xctest */,
				92A54D1A29359F5000D287AD /* SeSACInAppTests.xctest */,
			);
			name = Products;
			sourceTree = "<group>";
		};
		92CB4E47293454F4000518A6 /* SeSACInApp */ = {
			isa = PBXGroup;
			children = (
				92CB4E48293454F4000518A6 /* AppDelegate.swift */,
				92CB4E4A293454F4000518A6 /* SceneDelegate.swift */,
				92CB4E4C293454F4000518A6 /* ViewController.swift */,
				92CB4E4E293454F4000518A6 /* Main.storyboard */,
				92CB4E51293454F7000518A6 /* Assets.xcassets */,
				92CB4E53293454F7000518A6 /* LaunchScreen.storyboard */,
				92CB4E56293454F7000518A6 /* Info.plist */,
				92A54D232935AB7900D287AD /* LoginViewController.swift */,
			);
			path = SeSACInApp;
			sourceTree = "<group>";
		};
		92CB4E5C29345548000518A6 /* Frameworks */ = {
			isa = PBXGroup;
			children = (
				92CB4E5D29345548000518A6 /* StoreKit.framework */,
			);
			name = Frameworks;
			sourceTree = "<group>";
		};
/* End PBXGroup section */

/* Begin PBXNativeTarget section */
		92A54D0829359D8300D287AD /* SeSACInAppUITests */ = {
			isa = PBXNativeTarget;
			buildConfigurationList = 92A54D1329359D8300D287AD /* Build configuration list for PBXNativeTarget "SeSACInAppUITests" */;
			buildPhases = (
				92A54D0529359D8300D287AD /* Sources */,
				92A54D0629359D8300D287AD /* Frameworks */,
				92A54D0729359D8300D287AD /* Resources */,
			);
			buildRules = (
			);
			dependencies = (
				92A54D1029359D8300D287AD /* PBXTargetDependency */,
			);
			name = SeSACInAppUITests;
			productName = SeSACInAppUITests;
			productReference = 92A54D0929359D8300D287AD /* SeSACInAppUITests.xctest */;
			productType = "com.apple.product-type.bundle.ui-testing";
		};
		92A54D1929359F5000D287AD /* SeSACInAppTests */ = {
			isa = PBXNativeTarget;
			buildConfigurationList = 92A54D2029359F5100D287AD /* Build configuration list for PBXNativeTarget "SeSACInAppTests" */;
			buildPhases = (
				92A54D1629359F5000D287AD /* Sources */,
				92A54D1729359F5000D287AD /* Frameworks */,
				92A54D1829359F5000D287AD /* Resources */,
			);
			buildRules = (
			);
			dependencies = (
				92A54D1F29359F5100D287AD /* PBXTargetDependency */,
			);
			name = SeSACInAppTests;
			productName = SeSACInAppTests;
			productReference = 92A54D1A29359F5000D287AD /* SeSACInAppTests.xctest */;
			productType = "com.apple.product-type.bundle.unit-test";
		};
		92CB4E44293454F4000518A6 /* SeSACInApp */ = {
			isa = PBXNativeTarget;
			buildConfigurationList = 92CB4E59293454F7000518A6 /* Build configuration list for PBXNativeTarget "SeSACInApp" */;
			buildPhases = (
				92CB4E41293454F4000518A6 /* Sources */,
				92CB4E42293454F4000518A6 /* Frameworks */,
				92CB4E43293454F4000518A6 /* Resources */,
			);
			buildRules = (
			);
			dependencies = (
			);
			name = SeSACInApp;
			productName = SeSACInApp;
			productReference = 92CB4E45293454F4000518A6 /* SeSACInApp.app */;
			productType = "com.apple.product-type.application";
		};
/* End PBXNativeTarget section */

/* Begin PBXProject section */
		92CB4E3D293454F4000518A6 /* Project object */ = {
			isa = PBXProject;
			attributes = {
				BuildIndependentTargetsInParallel = 1;
				LastSwiftUpdateCheck = 1410;
				LastUpgradeCheck = 1410;
				TargetAttributes = {
					92A54D0829359D8300D287AD = {
						CreatedOnToolsVersion = 14.1;
						TestTargetID = 92CB4E44293454F4000518A6;
					};
					92A54D1929359F5000D287AD = {
						CreatedOnToolsVersion = 14.1;
						TestTargetID = 92CB4E44293454F4000518A6;
					};
					92CB4E44293454F4000518A6 = {
						CreatedOnToolsVersion = 14.1;
					};
				};
			};
			buildConfigurationList = 92CB4E40293454F4000518A6 /* Build configuration list for PBXProject "SeSACInApp" */;
			compatibilityVersion = "Xcode 14.0";
			developmentRegion = en;
			hasScannedForEncodings = 0;
			knownRegions = (
				en,
				Base,
			);
			mainGroup = 92CB4E3C293454F4000518A6;
			productRefGroup = 92CB4E46293454F4000518A6 /* Products */;
			projectDirPath = "";
			projectRoot = "";
			targets = (
				92CB4E44293454F4000518A6 /* SeSACInApp */,
				92A54D0829359D8300D287AD /* SeSACInAppUITests */,
				92A54D1929359F5000D287AD /* SeSACInAppTests */,
			);
		};
/* End PBXProject section */

/* Begin PBXResourcesBuildPhase section */
		92A54D0729359D8300D287AD /* Resources */ = {
			isa = PBXResourcesBuildPhase;
			buildActionMask = 2147483647;
			files = (
			);
			runOnlyForDeploymentPostprocessing = 0;
		};
		92A54D1829359F5000D287AD /* Resources */ = {
			isa = PBXResourcesBuildPhase;
			buildActionMask = 2147483647;
			files = (
			);
			runOnlyForDeploymentPostprocessing = 0;
		};
		92CB4E43293454F4000518A6 /* Resources */ = {
			isa = PBXResourcesBuildPhase;
			buildActionMask = 2147483647;
			files = (
				92CB4E55293454F7000518A6 /* LaunchScreen.storyboard in Resources */,
				92CB4E52293454F7000518A6 /* Assets.xcassets in Resources */,
				92CB4E50293454F4000518A6 /* Main.storyboard in Resources */,
			);
			runOnlyForDeploymentPostprocessing = 0;
		};
/* End PBXResourcesBuildPhase section */

/* Begin PBXSourcesBuildPhase section */
		92A54D0529359D8300D287AD /* Sources */ = {
			isa = PBXSourcesBuildPhase;
			buildActionMask = 2147483647;
			files = (
				92A54D0C29359D8300D287AD /* SeSACInAppUITests.swift in Sources */,
				92A54D0E29359D8300D287AD /* SeSACInAppUITestsLaunchTests.swift in Sources */,
				92A54D1529359E6E00D287AD /* LoginUITests.swift in Sources */,
			);
			runOnlyForDeploymentPostprocessing = 0;
		};
		92A54D1629359F5000D287AD /* Sources */ = {
			isa = PBXSourcesBuildPhase;
			buildActionMask = 2147483647;
			files = (
				92A54D2A2936FB0C00D287AD /* ValidatorTests.swift in Sources */,
				92A54D1D29359F5100D287AD /* SeSACInAppTests.swift in Sources */,
			);
			runOnlyForDeploymentPostprocessing = 0;
		};
		92CB4E41293454F4000518A6 /* Sources */ = {
			isa = PBXSourcesBuildPhase;
			buildActionMask = 2147483647;
			files = (
				92A54D242935AB7900D287AD /* LoginViewController.swift in Sources */,
				92CB4E4D293454F4000518A6 /* ViewController.swift in Sources */,
				92CB4E49293454F4000518A6 /* AppDelegate.swift in Sources */,
				92CB4E4B293454F4000518A6 /* SceneDelegate.swift in Sources */,
			);
			runOnlyForDeploymentPostprocessing = 0;
		};
/* End PBXSourcesBuildPhase section */

/* Begin PBXTargetDependency section */
		92A54D1029359D8300D287AD /* PBXTargetDependency */ = {
			isa = PBXTargetDependency;
			target = 92CB4E44293454F4000518A6 /* SeSACInApp */;
			targetProxy = 92A54D0F29359D8300D287AD /* PBXContainerItemProxy */;
		};
		92A54D1F29359F5100D287AD /* PBXTargetDependency */ = {
			isa = PBXTargetDependency;
			target = 92CB4E44293454F4000518A6 /* SeSACInApp */;
			targetProxy = 92A54D1E29359F5100D287AD /* PBXContainerItemProxy */;
		};
/* End PBXTargetDependency section */

/* Begin PBXVariantGroup section */
		92CB4E4E293454F4000518A6 /* Main.storyboard */ = {
			isa = PBXVariantGroup;
			children = (
				92CB4E4F293454F4000518A6 /* Base */,
			);
			name = Main.storyboard;
			sourceTree = "<group>";
		};
		92CB4E53293454F7000518A6 /* LaunchScreen.storyboard */ = {
			isa = PBXVariantGroup;
			children = (
				92CB4E54293454F7000518A6 /* Base */,
			);
			name = LaunchScreen.storyboard;
			sourceTree = "<group>";
		};
/* End PBXVariantGroup section */

/* Begin XCBuildConfiguration section */
		92A54D1129359D8300D287AD /* Debug */ = {
			isa = XCBuildConfiguration;
			buildSettings = {
				CODE_SIGN_STYLE = Automatic;
				CURRENT_PROJECT_VERSION = 1;
				DEVELOPMENT_TEAM = 3S825CN62V;
				GENERATE_INFOPLIST_FILE = YES;
				MARKETING_VERSION = 1.0;
				PRODUCT_BUNDLE_IDENTIFIER = com.kidult.SeSACInAppUITests;
				PRODUCT_NAME = "$(TARGET_NAME)";
				SWIFT_EMIT_LOC_STRINGS = NO;
				SWIFT_VERSION = 5.0;
				TARGETED_DEVICE_FAMILY = "1,2";
				TEST_TARGET_NAME = SeSACInApp;
			};
			name = Debug;
		};
		92A54D1229359D8300D287AD /* Release */ = {
			isa = XCBuildConfiguration;
			buildSettings = {
				CODE_SIGN_STYLE = Automatic;
				CURRENT_PROJECT_VERSION = 1;
				DEVELOPMENT_TEAM = 3S825CN62V;
				GENERATE_INFOPLIST_FILE = YES;
				MARKETING_VERSION = 1.0;
				PRODUCT_BUNDLE_IDENTIFIER = com.kidult.SeSACInAppUITests;
				PRODUCT_NAME = "$(TARGET_NAME)";
				SWIFT_EMIT_LOC_STRINGS = NO;
				SWIFT_VERSION = 5.0;
				TARGETED_DEVICE_FAMILY = "1,2";
				TEST_TARGET_NAME = SeSACInApp;
			};
			name = Release;
		};
		92A54D2129359F5100D287AD /* Debug */ = {
			isa = XCBuildConfiguration;
			buildSettings = {
				BUNDLE_LOADER = "$(TEST_HOST)";
				CODE_SIGN_STYLE = Automatic;
				CURRENT_PROJECT_VERSION = 1;
				DEVELOPMENT_TEAM = 3S825CN62V;
				GENERATE_INFOPLIST_FILE = YES;
				MARKETING_VERSION = 1.0;
				PRODUCT_BUNDLE_IDENTIFIER = com.kidult.SeSACInAppTests;
				PRODUCT_NAME = "$(TARGET_NAME)";
				SWIFT_EMIT_LOC_STRINGS = NO;
				SWIFT_VERSION = 5.0;
				TARGETED_DEVICE_FAMILY = "1,2";
				TEST_HOST = "$(BUILT_PRODUCTS_DIR)/SeSACInApp.app/$(BUNDLE_EXECUTABLE_FOLDER_PATH)/SeSACInApp";
			};
			name = Debug;
		};
		92A54D2229359F5100D287AD /* Release */ = {
			isa = XCBuildConfiguration;
			buildSettings = {
				BUNDLE_LOADER = "$(TEST_HOST)";
				CODE_SIGN_STYLE = Automatic;
				CURRENT_PROJECT_VERSION = 1;
				DEVELOPMENT_TEAM = 3S825CN62V;
				GENERATE_INFOPLIST_FILE = YES;
				MARKETING_VERSION = 1.0;
				PRODUCT_BUNDLE_IDENTIFIER = com.kidult.SeSACInAppTests;
				PRODUCT_NAME = "$(TARGET_NAME)";
				SWIFT_EMIT_LOC_STRINGS = NO;
				SWIFT_VERSION = 5.0;
				TARGETED_DEVICE_FAMILY = "1,2";
				TEST_HOST = "$(BUILT_PRODUCTS_DIR)/SeSACInApp.app/$(BUNDLE_EXECUTABLE_FOLDER_PATH)/SeSACInApp";
			};
			name = Release;
		};
		92CB4E57293454F7000518A6 /* Debug */ = {
			isa = XCBuildConfiguration;
			buildSettings = {
				ALWAYS_SEARCH_USER_PATHS = NO;
				CLANG_ANALYZER_NONNULL = YES;
				CLANG_ANALYZER_NUMBER_OBJECT_CONVERSION = YES_AGGRESSIVE;
				CLANG_CXX_LANGUAGE_STANDARD = "gnu++20";
				CLANG_ENABLE_MODULES = YES;
				CLANG_ENABLE_OBJC_ARC = YES;
				CLANG_ENABLE_OBJC_WEAK = YES;
				CLANG_WARN_BLOCK_CAPTURE_AUTORELEASING = YES;
				CLANG_WARN_BOOL_CONVERSION = YES;
				CLANG_WARN_COMMA = YES;
				CLANG_WARN_CONSTANT_CONVERSION = YES;
				CLANG_WARN_DEPRECATED_OBJC_IMPLEMENTATIONS = YES;
				CLANG_WARN_DIRECT_OBJC_ISA_USAGE = YES_ERROR;
				CLANG_WARN_DOCUMENTATION_COMMENTS = YES;
				CLANG_WARN_EMPTY_BODY = YES;
				CLANG_WARN_ENUM_CONVERSION = YES;
				CLANG_WARN_INFINITE_RECURSION = YES;
				CLANG_WARN_INT_CONVERSION = YES;
				CLANG_WARN_NON_LITERAL_NULL_CONVERSION = YES;
				CLANG_WARN_OBJC_IMPLICIT_RETAIN_SELF = YES;
				CLANG_WARN_OBJC_LITERAL_CONVERSION = YES;
				CLANG_WARN_OBJC_ROOT_CLASS = YES_ERROR;
				CLANG_WARN_QUOTED_INCLUDE_IN_FRAMEWORK_HEADER = YES;
				CLANG_WARN_RANGE_LOOP_ANALYSIS = YES;
				CLANG_WARN_STRICT_PROTOTYPES = YES;
				CLANG_WARN_SUSPICIOUS_MOVE = YES;
				CLANG_WARN_UNGUARDED_AVAILABILITY = YES_AGGRESSIVE;
				CLANG_WARN_UNREACHABLE_CODE = YES;
				CLANG_WARN__DUPLICATE_METHOD_MATCH = YES;
				COPY_PHASE_STRIP = NO;
				DEBUG_INFORMATION_FORMAT = dwarf;
				ENABLE_STRICT_OBJC_MSGSEND = YES;
				ENABLE_TESTABILITY = YES;
				GCC_C_LANGUAGE_STANDARD = gnu11;
				GCC_DYNAMIC_NO_PIC = NO;
				GCC_NO_COMMON_BLOCKS = YES;
				GCC_OPTIMIZATION_LEVEL = 0;
				GCC_PREPROCESSOR_DEFINITIONS = (
					"DEBUG=1",
					"$(inherited)",
				);
				GCC_WARN_64_TO_32_BIT_CONVERSION = YES;
				GCC_WARN_ABOUT_RETURN_TYPE = YES_ERROR;
				GCC_WARN_UNDECLARED_SELECTOR = YES;
				GCC_WARN_UNINITIALIZED_AUTOS = YES_AGGRESSIVE;
				GCC_WARN_UNUSED_FUNCTION = YES;
				GCC_WARN_UNUSED_VARIABLE = YES;
				IPHONEOS_DEPLOYMENT_TARGET = 16.1;
				MTL_ENABLE_DEBUG_INFO = INCLUDE_SOURCE;
				MTL_FAST_MATH = YES;
				ONLY_ACTIVE_ARCH = YES;
				SDKROOT = iphoneos;
				SWIFT_ACTIVE_COMPILATION_CONDITIONS = DEBUG;
				SWIFT_OPTIMIZATION_LEVEL = "-Onone";
			};
			name = Debug;
		};
		92CB4E58293454F7000518A6 /* Release */ = {
			isa = XCBuildConfiguration;
			buildSettings = {
				ALWAYS_SEARCH_USER_PATHS = NO;
				CLANG_ANALYZER_NONNULL = YES;
				CLANG_ANALYZER_NUMBER_OBJECT_CONVERSION = YES_AGGRESSIVE;
				CLANG_CXX_LANGUAGE_STANDARD = "gnu++20";
				CLANG_ENABLE_MODULES = YES;
				CLANG_ENABLE_OBJC_ARC = YES;
				CLANG_ENABLE_OBJC_WEAK = YES;
				CLANG_WARN_BLOCK_CAPTURE_AUTORELEASING = YES;
				CLANG_WARN_BOOL_CONVERSION = YES;
				CLANG_WARN_COMMA = YES;
				CLANG_WARN_CONSTANT_CONVERSION = YES;
				CLANG_WARN_DEPRECATED_OBJC_IMPLEMENTATIONS = YES;
				CLANG_WARN_DIRECT_OBJC_ISA_USAGE = YES_ERROR;
				CLANG_WARN_DOCUMENTATION_COMMENTS = YES;
				CLANG_WARN_EMPTY_BODY = YES;
				CLANG_WARN_ENUM_CONVERSION = YES;
				CLANG_WARN_INFINITE_RECURSION = YES;
				CLANG_WARN_INT_CONVERSION = YES;
				CLANG_WARN_NON_LITERAL_NULL_CONVERSION = YES;
				CLANG_WARN_OBJC_IMPLICIT_RETAIN_SELF = YES;
				CLANG_WARN_OBJC_LITERAL_CONVERSION = YES;
				CLANG_WARN_OBJC_ROOT_CLASS = YES_ERROR;
				CLANG_WARN_QUOTED_INCLUDE_IN_FRAMEWORK_HEADER = YES;
				CLANG_WARN_RANGE_LOOP_ANALYSIS = YES;
				CLANG_WARN_STRICT_PROTOTYPES = YES;
				CLANG_WARN_SUSPICIOUS_MOVE = YES;
				CLANG_WARN_UNGUARDED_AVAILABILITY = YES_AGGRESSIVE;
				CLANG_WARN_UNREACHABLE_CODE = YES;
				CLANG_WARN__DUPLICATE_METHOD_MATCH = YES;
				COPY_PHASE_STRIP = NO;
				DEBUG_INFORMATION_FORMAT = "dwarf-with-dsym";
				ENABLE_NS_ASSERTIONS = NO;
				ENABLE_STRICT_OBJC_MSGSEND = YES;
				GCC_C_LANGUAGE_STANDARD = gnu11;
				GCC_NO_COMMON_BLOCKS = YES;
				GCC_WARN_64_TO_32_BIT_CONVERSION = YES;
				GCC_WARN_ABOUT_RETURN_TYPE = YES_ERROR;
				GCC_WARN_UNDECLARED_SELECTOR = YES;
				GCC_WARN_UNINITIALIZED_AUTOS = YES_AGGRESSIVE;
				GCC_WARN_UNUSED_FUNCTION = YES;
				GCC_WARN_UNUSED_VARIABLE = YES;
				IPHONEOS_DEPLOYMENT_TARGET = 16.1;
				MTL_ENABLE_DEBUG_INFO = NO;
				MTL_FAST_MATH = YES;
				SDKROOT = iphoneos;
				SWIFT_COMPILATION_MODE = wholemodule;
				SWIFT_OPTIMIZATION_LEVEL = "-O";
				VALIDATE_PRODUCT = YES;
			};
			name = Release;
		};
		92CB4E5A293454F7000518A6 /* Debug */ = {
			isa = XCBuildConfiguration;
			buildSettings = {
				ASSETCATALOG_COMPILER_APPICON_NAME = AppIcon;
				ASSETCATALOG_COMPILER_GLOBAL_ACCENT_COLOR_NAME = AccentColor;
				CODE_SIGN_STYLE = Automatic;
				CURRENT_PROJECT_VERSION = 1;
				DEVELOPMENT_TEAM = 3S825CN62V;
				GENERATE_INFOPLIST_FILE = YES;
				INFOPLIST_FILE = SeSACInApp/Info.plist;
				INFOPLIST_KEY_UIApplicationSupportsIndirectInputEvents = YES;
				INFOPLIST_KEY_UILaunchStoryboardName = LaunchScreen;
				INFOPLIST_KEY_UIMainStoryboardFile = Main;
				INFOPLIST_KEY_UISupportedInterfaceOrientations_iPad = "UIInterfaceOrientationPortrait UIInterfaceOrientationPortraitUpsideDown UIInterfaceOrientationLandscapeLeft UIInterfaceOrientationLandscapeRight";
				INFOPLIST_KEY_UISupportedInterfaceOrientations_iPhone = "UIInterfaceOrientationPortrait UIInterfaceOrientationLandscapeLeft UIInterfaceOrientationLandscapeRight";
				LD_RUNPATH_SEARCH_PATHS = (
					"$(inherited)",
					"@executable_path/Frameworks",
				);
				MARKETING_VERSION = 1.0;
				PRODUCT_BUNDLE_IDENTIFIER = com.kidult.SeSAC2Step3;
				PRODUCT_NAME = "$(TARGET_NAME)";
				SWIFT_EMIT_LOC_STRINGS = YES;
				SWIFT_VERSION = 5.0;
				TARGETED_DEVICE_FAMILY = "1,2";
			};
			name = Debug;
		};
		92CB4E5B293454F7000518A6 /* Release */ = {
			isa = XCBuildConfiguration;
			buildSettings = {
				ASSETCATALOG_COMPILER_APPICON_NAME = AppIcon;
				ASSETCATALOG_COMPILER_GLOBAL_ACCENT_COLOR_NAME = AccentColor;
				CODE_SIGN_STYLE = Automatic;
				CURRENT_PROJECT_VERSION = 1;
				DEVELOPMENT_TEAM = 3S825CN62V;
				GENERATE_INFOPLIST_FILE = YES;
				INFOPLIST_FILE = SeSACInApp/Info.plist;
				INFOPLIST_KEY_UIApplicationSupportsIndirectInputEvents = YES;
				INFOPLIST_KEY_UILaunchStoryboardName = LaunchScreen;
				INFOPLIST_KEY_UIMainStoryboardFile = Main;
				INFOPLIST_KEY_UISupportedInterfaceOrientations_iPad = "UIInterfaceOrientationPortrait UIInterfaceOrientationPortraitUpsideDown UIInterfaceOrientationLandscapeLeft UIInterfaceOrientationLandscapeRight";
				INFOPLIST_KEY_UISupportedInterfaceOrientations_iPhone = "UIInterfaceOrientationPortrait UIInterfaceOrientationLandscapeLeft UIInterfaceOrientationLandscapeRight";
				LD_RUNPATH_SEARCH_PATHS = (
					"$(inherited)",
					"@executable_path/Frameworks",
				);
				MARKETING_VERSION = 1.0;
				PRODUCT_BUNDLE_IDENTIFIER = com.kidult.SeSAC2Step3;
				PRODUCT_NAME = "$(TARGET_NAME)";
				SWIFT_EMIT_LOC_STRINGS = YES;
				SWIFT_VERSION = 5.0;
				TARGETED_DEVICE_FAMILY = "1,2";
			};
			name = Release;
		};
/* End XCBuildConfiguration section */

/* Begin XCConfigurationList section */
		92A54D1329359D8300D287AD /* Build configuration list for PBXNativeTarget "SeSACInAppUITests" */ = {
			isa = XCConfigurationList;
			buildConfigurations = (
				92A54D1129359D8300D287AD /* Debug */,
				92A54D1229359D8300D287AD /* Release */,
			);
			defaultConfigurationIsVisible = 0;
			defaultConfigurationName = Release;
		};
		92A54D2029359F5100D287AD /* Build configuration list for PBXNativeTarget "SeSACInAppTests" */ = {
			isa = XCConfigurationList;
			buildConfigurations = (
				92A54D2129359F5100D287AD /* Debug */,
				92A54D2229359F5100D287AD /* Release */,
			);
			defaultConfigurationIsVisible = 0;
			defaultConfigurationName = Release;
		};
		92CB4E40293454F4000518A6 /* Build configuration list for PBXProject "SeSACInApp" */ = {
			isa = XCConfigurationList;
			buildConfigurations = (
				92CB4E57293454F7000518A6 /* Debug */,
				92CB4E58293454F7000518A6 /* Release */,
			);
			defaultConfigurationIsVisible = 0;
			defaultConfigurationName = Release;
		};
		92CB4E59293454F7000518A6 /* Build configuration list for PBXNativeTarget "SeSACInApp" */ = {
			isa = XCConfigurationList;
			buildConfigurations = (
				92CB4E5A293454F7000518A6 /* Debug */,
				92CB4E5B293454F7000518A6 /* Release */,
			);
			defaultConfigurationIsVisible = 0;
			defaultConfigurationName = Release;
		};
/* End XCConfigurationList section */
	};
	rootObject = 92CB4E3D293454F4000518A6 /* Project object */;
}
